
Microsoft Visual Studio Solution File, Format Version 12.00
# Visual Studio 14
VisualStudioVersion = 14.0.25420.1
MinimumVisualStudioVersion = 10.0.40219.1
Project("{FAE04EC0-301F-11D3-BF4B-00C04F79EFBC}") = "CapstoneProject", "CapstoneProject\CapstoneProject.csproj", "{366F5DA9-0607-40B2-B290-C44C6E5D3574}"
EndProject
Project("{FAE04EC0-301F-11D3-BF4B-00C04F79EFBC}") = "CapstoneProject.Tests", "CapstoneProject.Tests\CapstoneProject.Tests.csproj", "{AE7864DF-2C94-4247-87BF-40D256822781}"
EndProject
Global
	GlobalSection(SolutionConfigurationPlatforms) = preSolution
		Debug|Any CPU = Debug|Any CPU
		Release|Any CPU = Release|Any CPU
	EndGlobalSection
	GlobalSection(ProjectConfigurationPlatforms) = postSolution
		{366F5DA9-0607-40B2-B290-C44C6E5D3574}.Debug|Any CPU.ActiveCfg = Debug|Any CPU
		{366F5DA9-0607-40B2-B290-C44C6E5D3574}.Debug|Any CPU.Build.0 = Debug|Any CPU
		{366F5DA9-0607-40B2-B290-C44C6E5D3574}.Release|Any CPU.ActiveCfg = Release|Any CPU
		{366F5DA9-0607-40B2-B290-C44C6E5D3574}.Release|Any CPU.Build.0 = Release|Any CPU
		{AE7864DF-2C94-4247-87BF-40D256822781}.Debug|Any CPU.ActiveCfg = Debug|Any CPU
		{AE7864DF-2C94-4247-87BF-40D256822781}.Debug|Any CPU.Build.0 = Debug|Any CPU
		{AE7864DF-2C94-4247-87BF-40D256822781}.Release|Any CPU.ActiveCfg = Release|Any CPU
		{AE7864DF-2C94-4247-87BF-40D256822781}.Release|Any CPU.Build.0 = Release|Any CPU
	EndGlobalSection
	GlobalSection(SolutionProperties) = preSolution
		HideSolutionNode = FALSE
	EndGlobalSection
	GlobalSection(TeamFoundationVersionControl) = preSolution
		SccNumberOfProjects = 3
		SccEnterpriseProvider = {4CA58AB2-18FA-4F8D-95D4-32DDF27D184C}
		SccTeamFoundationServer = https://kylezprojects.visualstudio.com/
		SccLocalPath0 = .
		SccProjectUniqueName1 = CapstoneProject.Tests\\CapstoneProject.Tests.csproj
		SccProjectName1 = CapstoneProject.Tests
		SccLocalPath1 = CapstoneProject.Tests
		SccProjectUniqueName2 = CapstoneProject\\CapstoneProject.csproj
		SccProjectName2 = CapstoneProject
		SccLocalPath2 = CapstoneProject
	EndGlobalSection
EndGlobal
